
Microsoft Visual Studio Solution File, Format Version 12.00
# Visual Studio Version 17
VisualStudioVersion = 17.9.34310.174
MinimumVisualStudioVersion = 10.0.40219.1
Project("{FAE04EC0-301F-11D3-BF4B-00C04F79EFBC}") = "server", "Server\server.csproj", "{572C2B19-939E-49EB-81BA-25D98FD460AD}"
EndProject
Project("{FAE04EC0-301F-11D3-BF4B-00C04F79EFBC}") = "Tests", "Tests\Tests.csproj", "{F3B0B599-8D17-4094-B6E5-CCCE1287D849}"
EndProject
Project("{FAE04EC0-301F-11D3-BF4B-00C04F79EFBC}") = "MyApp", "Client\MyApp.csproj", "{003F5CD3-DD45-4A5A-AD59-3DC70E2FB152}"
EndProject
Project("{FAE04EC0-301F-11D3-BF4B-00C04F79EFBC}") = "ClassLibrary", "ClassLibrary\ClassLibrary.csproj", "{773708AA-0D93-433D-A48C-15F38C2F1F79}"
EndProject
Global
	GlobalSection(SolutionConfigurationPlatforms) = preSolution
		Debug|Any CPU = Debug|Any CPU
		Release|Any CPU = Release|Any CPU
	EndGlobalSection
	GlobalSection(ProjectConfigurationPlatforms) = postSolution
		{572C2B19-939E-49EB-81BA-25D98FD460AD}.Debug|Any CPU.ActiveCfg = Debug|Any CPU
		{572C2B19-939E-49EB-81BA-25D98FD460AD}.Debug|Any CPU.Build.0 = Debug|Any CPU
		{572C2B19-939E-49EB-81BA-25D98FD460AD}.Release|Any CPU.ActiveCfg = Release|Any CPU
		{572C2B19-939E-49EB-81BA-25D98FD460AD}.Release|Any CPU.Build.0 = Release|Any CPU
		{F3B0B599-8D17-4094-B6E5-CCCE1287D849}.Debug|Any CPU.ActiveCfg = Debug|Any CPU
		{F3B0B599-8D17-4094-B6E5-CCCE1287D849}.Debug|Any CPU.Build.0 = Debug|Any CPU
		{F3B0B599-8D17-4094-B6E5-CCCE1287D849}.Release|Any CPU.ActiveCfg = Release|Any CPU
		{F3B0B599-8D17-4094-B6E5-CCCE1287D849}.Release|Any CPU.Build.0 = Release|Any CPU
		{003F5CD3-DD45-4A5A-AD59-3DC70E2FB152}.Debug|Any CPU.ActiveCfg = Debug|Any CPU
		{003F5CD3-DD45-4A5A-AD59-3DC70E2FB152}.Debug|Any CPU.Build.0 = Debug|Any CPU
		{003F5CD3-DD45-4A5A-AD59-3DC70E2FB152}.Release|Any CPU.ActiveCfg = Release|Any CPU
		{003F5CD3-DD45-4A5A-AD59-3DC70E2FB152}.Release|Any CPU.Build.0 = Release|Any CPU
		{773708AA-0D93-433D-A48C-15F38C2F1F79}.Debug|Any CPU.ActiveCfg = Debug|Any CPU
		{773708AA-0D93-433D-A48C-15F38C2F1F79}.Debug|Any CPU.Build.0 = Debug|Any CPU
		{773708AA-0D93-433D-A48C-15F38C2F1F79}.Release|Any CPU.ActiveCfg = Release|Any CPU
		{773708AA-0D93-433D-A48C-15F38C2F1F79}.Release|Any CPU.Build.0 = Release|Any CPU
	EndGlobalSection
	GlobalSection(SolutionProperties) = preSolution
		HideSolutionNode = FALSE
	EndGlobalSection
	GlobalSection(ExtensibilityGlobals) = postSolution
		SolutionGuid = {A7E3AD7D-DEDE-4916-9E8F-40179B76F2F5}
	EndGlobalSection
EndGlobal
